// !$*UTF8*$!
{
	archiveVersion = 1;
	classes = {
	};
	objectVersion = 50;
	objects = {

/* Begin PBXBuildFile section */
		5810B4DF2440DF620014877D /* AccountViewController.swift in Sources */ = {isa = PBXBuildFile; fileRef = 5810B4DE2440DF620014877D /* AccountViewController.swift */; };
		58E82EF4243D4AAE00F0E14B /* AppDelegate.swift in Sources */ = {isa = PBXBuildFile; fileRef = 58E82EF3243D4AAE00F0E14B /* AppDelegate.swift */; };
		58E82EF6243D4AAE00F0E14B /* SceneDelegate.swift in Sources */ = {isa = PBXBuildFile; fileRef = 58E82EF5243D4AAE00F0E14B /* SceneDelegate.swift */; };
		58E82EF8243D4AAE00F0E14B /* CreateNewUserController.swift in Sources */ = {isa = PBXBuildFile; fileRef = 58E82EF7243D4AAE00F0E14B /* CreateNewUserController.swift */; };
		58E82EFB243D4AAE00F0E14B /* Main.storyboard in Resources */ = {isa = PBXBuildFile; fileRef = 58E82EF9243D4AAE00F0E14B /* Main.storyboard */; };
		58E82EFD243D4AAE00F0E14B /* Assets.xcassets in Resources */ = {isa = PBXBuildFile; fileRef = 58E82EFC243D4AAE00F0E14B /* Assets.xcassets */; };
		58E82F00243D4AAE00F0E14B /* LaunchScreen.storyboard in Resources */ = {isa = PBXBuildFile; fileRef = 58E82EFE243D4AAE00F0E14B /* LaunchScreen.storyboard */; };
		58E82F08243D4EE200F0E14B /* DepositController.swift in Sources */ = {isa = PBXBuildFile; fileRef = 58E82F07243D4EE200F0E14B /* DepositController.swift */; };
		58E82F0A243D4F0500F0E14B /* UserInfoController.swift in Sources */ = {isa = PBXBuildFile; fileRef = 58E82F09243D4F0500F0E14B /* UserInfoController.swift */; };
		58E82F0C243D4F2700F0E14B /* User.swift in Sources */ = {isa = PBXBuildFile; fileRef = 58E82F0B243D4F2700F0E14B /* User.swift */; };
/* End PBXBuildFile section */

/* Begin PBXFileReference section */
		5810B4DE2440DF620014877D /* AccountViewController.swift */ = {isa = PBXFileReference; lastKnownFileType = sourcecode.swift; path = AccountViewController.swift; sourceTree = "<group>"; };
		58E82EF0243D4AAE00F0E14B /* KVO-Lab.app */ = {isa = PBXFileReference; explicitFileType = wrapper.application; includeInIndex = 0; path = "KVO-Lab.app"; sourceTree = BUILT_PRODUCTS_DIR; };
		58E82EF3243D4AAE00F0E14B /* AppDelegate.swift */ = {isa = PBXFileReference; lastKnownFileType = sourcecode.swift; path = AppDelegate.swift; sourceTree = "<group>"; };
		58E82EF5243D4AAE00F0E14B /* SceneDelegate.swift */ = {isa = PBXFileReference; lastKnownFileType = sourcecode.swift; path = SceneDelegate.swift; sourceTree = "<group>"; };
		58E82EF7243D4AAE00F0E14B /* CreateNewUserController.swift */ = {isa = PBXFileReference; lastKnownFileType = sourcecode.swift; path = CreateNewUserController.swift; sourceTree = "<group>"; };
		58E82EFA243D4AAE00F0E14B /* Base */ = {isa = PBXFileReference; lastKnownFileType = file.storyboard; name = Base; path = Base.lproj/Main.storyboard; sourceTree = "<group>"; };
		58E82EFC243D4AAE00F0E14B /* Assets.xcassets */ = {isa = PBXFileReference; lastKnownFileType = folder.assetcatalog; path = Assets.xcassets; sourceTree = "<group>"; };
		58E82EFF243D4AAE00F0E14B /* Base */ = {isa = PBXFileReference; lastKnownFileType = file.storyboard; name = Base; path = Base.lproj/LaunchScreen.storyboard; sourceTree = "<group>"; };
		58E82F01243D4AAE00F0E14B /* Info.plist */ = {isa = PBXFileReference; lastKnownFileType = text.plist.xml; path = Info.plist; sourceTree = "<group>"; };
		58E82F07243D4EE200F0E14B /* DepositController.swift */ = {isa = PBXFileReference; lastKnownFileType = sourcecode.swift; path = DepositController.swift; sourceTree = "<group>"; };
		58E82F09243D4F0500F0E14B /* UserInfoController.swift */ = {isa = PBXFileReference; lastKnownFileType = sourcecode.swift; path = UserInfoController.swift; sourceTree = "<group>"; };
		58E82F0B243D4F2700F0E14B /* User.swift */ = {isa = PBXFileReference; lastKnownFileType = sourcecode.swift; path = User.swift; sourceTree = "<group>"; };
/* End PBXFileReference section */

/* Begin PBXFrameworksBuildPhase section */
		58E82EED243D4AAE00F0E14B /* Frameworks */ = {
			isa = PBXFrameworksBuildPhase;
			buildActionMask = 2147483647;
			files = (
			);
			runOnlyForDeploymentPostprocessing = 0;
		};
/* End PBXFrameworksBuildPhase section */

/* Begin PBXGroup section */
		58E82EE7243D4AAD00F0E14B = {
			isa = PBXGroup;
			children = (
				58E82EF2243D4AAE00F0E14B /* KVO-Lab */,
				58E82EF1243D4AAE00F0E14B /* Products */,
			);
			sourceTree = "<group>";
		};
		58E82EF1243D4AAE00F0E14B /* Products */ = {
			isa = PBXGroup;
			children = (
				58E82EF0243D4AAE00F0E14B /* KVO-Lab.app */,
			);
			name = Products;
			sourceTree = "<group>";
		};
		58E82EF2243D4AAE00F0E14B /* KVO-Lab */ = {
			isa = PBXGroup;
			children = (
				58E82EF3243D4AAE00F0E14B /* AppDelegate.swift */,
				58E82EF5243D4AAE00F0E14B /* SceneDelegate.swift */,
				58E82EF7243D4AAE00F0E14B /* CreateNewUserController.swift */,
				58E82F07243D4EE200F0E14B /* DepositController.swift */,
				58E82F09243D4F0500F0E14B /* UserInfoController.swift */,
				58E82F0B243D4F2700F0E14B /* User.swift */,
				58E82EF9243D4AAE00F0E14B /* Main.storyboard */,
				5810B4DE2440DF620014877D /* AccountViewController.swift */,
				58E82EFC243D4AAE00F0E14B /* Assets.xcassets */,
				58E82EFE243D4AAE00F0E14B /* LaunchScreen.storyboard */,
				58E82F01243D4AAE00F0E14B /* Info.plist */,
			);
			path = "KVO-Lab";
			sourceTree = "<group>";
		};
/* End PBXGroup section */

/* Begin PBXNativeTarget section */
		58E82EEF243D4AAE00F0E14B /* KVO-Lab */ = {
			isa = PBXNativeTarget;
			buildConfigurationList = 58E82F04243D4AAE00F0E14B /* Build configuration list for PBXNativeTarget "KVO-Lab" */;
			buildPhases = (
				58E82EEC243D4AAE00F0E14B /* Sources */,
				58E82EED243D4AAE00F0E14B /* Frameworks */,
				58E82EEE243D4AAE00F0E14B /* Resources */,
			);
			buildRules = (
			);
			dependencies = (
			);
			name = "KVO-Lab";
			productName = "KVO-Lab";
			productReference = 58E82EF0243D4AAE00F0E14B /* KVO-Lab.app */;
			productType = "com.apple.product-type.application";
		};
/* End PBXNativeTarget section */

/* Begin PBXProject section */
		58E82EE8243D4AAD00F0E14B /* Project object */ = {
			isa = PBXProject;
			attributes = {
				LastSwiftUpdateCheck = 1140;
				LastUpgradeCheck = 1140;
				ORGANIZATIONNAME = "Eric Davenport";
				TargetAttributes = {
					58E82EEF243D4AAE00F0E14B = {
						CreatedOnToolsVersion = 11.4;
					};
				};
			};
			buildConfigurationList = 58E82EEB243D4AAD00F0E14B /* Build configuration list for PBXProject "KVO-Lab" */;
			compatibilityVersion = "Xcode 9.3";
			developmentRegion = en;
			hasScannedForEncodings = 0;
			knownRegions = (
				en,
				Base,
			);
			mainGroup = 58E82EE7243D4AAD00F0E14B;
			productRefGroup = 58E82EF1243D4AAE00F0E14B /* Products */;
			projectDirPath = "";
			projectRoot = "";
			targets = (
				58E82EEF243D4AAE00F0E14B /* KVO-Lab */,
			);
		};
/* End PBXProject section */

/* Begin PBXResourcesBuildPhase section */
		58E82EEE243D4AAE00F0E14B /* Resources */ = {
			isa = PBXResourcesBuildPhase;
			buildActionMask = 2147483647;
			files = (
				58E82F00243D4AAE00F0E14B /* LaunchScreen.storyboard in Resources */,
				58E82EFD243D4AAE00F0E14B /* Assets.xcassets in Resources */,
				58E82EFB243D4AAE00F0E14B /* Main.storyboard in Resources */,
			);
			runOnlyForDeploymentPostprocessing = 0;
		};
/* End PBXResourcesBuildPhase section */

/* Begin PBXSourcesBuildPhase section */
		58E82EEC243D4AAE00F0E14B /* Sources */ = {
			isa = PBXSourcesBuildPhase;
			buildActionMask = 2147483647;
			files = (
				58E82F0A243D4F0500F0E14B /* UserInfoController.swift in Sources */,
				58E82EF8243D4AAE00F0E14B /* CreateNewUserController.swift in Sources */,
				5810B4DF2440DF620014877D /* AccountViewController.swift in Sources */,
				58E82F0C243D4F2700F0E14B /* User.swift in Sources */,
				58E82EF4243D4AAE00F0E14B /* AppDelegate.swift in Sources */,
				58E82F08243D4EE200F0E14B /* DepositController.swift in Sources */,
				58E82EF6243D4AAE00F0E14B /* SceneDelegate.swift in Sources */,
			);
			runOnlyForDeploymentPostprocessing = 0;
		};
/* End PBXSourcesBuildPhase section */

/* Begin PBXVariantGroup section */
		58E82EF9243D4AAE00F0E14B /* Main.storyboard */ = {
			isa = PBXVariantGroup;
			children = (
				58E82EFA243D4AAE00F0E14B /* Base */,
			);
			name = Main.storyboard;
			sourceTree = "<group>";
		};
		58E82EFE243D4AAE00F0E14B /* LaunchScreen.storyboard */ = {
			isa = PBXVariantGroup;
			children = (
				58E82EFF243D4AAE00F0E14B /* Base */,
			);
			name = LaunchScreen.storyboard;
			sourceTree = "<group>";
		};
/* End PBXVariantGroup section */

/* Begin XCBuildConfiguration section */
		58E82F02243D4AAE00F0E14B /* Debug */ = {
			isa = XCBuildConfiguration;
			buildSettings = {
				ALWAYS_SEARCH_USER_PATHS = NO;
				CLANG_ANALYZER_NONNULL = YES;
				CLANG_ANALYZER_NUMBER_OBJECT_CONVERSION = YES_AGGRESSIVE;
				CLANG_CXX_LANGUAGE_STANDARD = "gnu++14";
				CLANG_CXX_LIBRARY = "libc++";
				CLANG_ENABLE_MODULES = YES;
				CLANG_ENABLE_OBJC_ARC = YES;
				CLANG_ENABLE_OBJC_WEAK = YES;
				CLANG_WARN_BLOCK_CAPTURE_AUTORELEASING = YES;
				CLANG_WARN_BOOL_CONVERSION = YES;
				CLANG_WARN_COMMA = YES;
				CLANG_WARN_CONSTANT_CONVERSION = YES;
				CLANG_WARN_DEPRECATED_OBJC_IMPLEMENTATIONS = YES;
				CLANG_WARN_DIRECT_OBJC_ISA_USAGE = YES_ERROR;
				CLANG_WARN_DOCUMENTATION_COMMENTS = YES;
				CLANG_WARN_EMPTY_BODY = YES;
				CLANG_WARN_ENUM_CONVERSION = YES;
				CLANG_WARN_INFINITE_RECURSION = YES;
				CLANG_WARN_INT_CONVERSION = YES;
				CLANG_WARN_NON_LITERAL_NULL_CONVERSION = YES;
				CLANG_WARN_OBJC_IMPLICIT_RETAIN_SELF = YES;
				CLANG_WARN_OBJC_LITERAL_CONVERSION = YES;
				CLANG_WARN_OBJC_ROOT_CLASS = YES_ERROR;
				CLANG_WARN_RANGE_LOOP_ANALYSIS = YES;
				CLANG_WARN_STRICT_PROTOTYPES = YES;
				CLANG_WARN_SUSPICIOUS_MOVE = YES;
				CLANG_WARN_UNGUARDED_AVAILABILITY = YES_AGGRESSIVE;
				CLANG_WARN_UNREACHABLE_CODE = YES;
				CLANG_WARN__DUPLICATE_METHOD_MATCH = YES;
				COPY_PHASE_STRIP = NO;
				DEBUG_INFORMATION_FORMAT = dwarf;
				ENABLE_STRICT_OBJC_MSGSEND = YES;
				ENABLE_TESTABILITY = YES;
				GCC_C_LANGUAGE_STANDARD = gnu11;
				GCC_DYNAMIC_NO_PIC = NO;
				GCC_NO_COMMON_BLOCKS = YES;
				GCC_OPTIMIZATION_LEVEL = 0;
				GCC_PREPROCESSOR_DEFINITIONS = (
					"DEBUG=1",
					"$(inherited)",
				);
				GCC_WARN_64_TO_32_BIT_CONVERSION = YES;
				GCC_WARN_ABOUT_RETURN_TYPE = YES_ERROR;
				GCC_WARN_UNDECLARED_SELECTOR = YES;
				GCC_WARN_UNINITIALIZED_AUTOS = YES_AGGRESSIVE;
				GCC_WARN_UNUSED_FUNCTION = YES;
				GCC_WARN_UNUSED_VARIABLE = YES;
				IPHONEOS_DEPLOYMENT_TARGET = 13.4;
				MTL_ENABLE_DEBUG_INFO = INCLUDE_SOURCE;
				MTL_FAST_MATH = YES;
				ONLY_ACTIVE_ARCH = YES;
				SDKROOT = iphoneos;
				SWIFT_ACTIVE_COMPILATION_CONDITIONS = DEBUG;
				SWIFT_OPTIMIZATION_LEVEL = "-Onone";
			};
			name = Debug;
		};
		58E82F03243D4AAE00F0E14B /* Release */ = {
			isa = XCBuildConfiguration;
			buildSettings = {
				ALWAYS_SEARCH_USER_PATHS = NO;
				CLANG_ANALYZER_NONNULL = YES;
				CLANG_ANALYZER_NUMBER_OBJECT_CONVERSION = YES_AGGRESSIVE;
				CLANG_CXX_LANGUAGE_STANDARD = "gnu++14";
				CLANG_CXX_LIBRARY = "libc++";
				CLANG_ENABLE_MODULES = YES;
				CLANG_ENABLE_OBJC_ARC = YES;
				CLANG_ENABLE_OBJC_WEAK = YES;
				CLANG_WARN_BLOCK_CAPTURE_AUTORELEASING = YES;
				CLANG_WARN_BOOL_CONVERSION = YES;
				CLANG_WARN_COMMA = YES;
				CLANG_WARN_CONSTANT_CONVERSION = YES;
				CLANG_WARN_DEPRECATED_OBJC_IMPLEMENTATIONS = YES;
				CLANG_WARN_DIRECT_OBJC_ISA_USAGE = YES_ERROR;
				CLANG_WARN_DOCUMENTATION_COMMENTS = YES;
				CLANG_WARN_EMPTY_BODY = YES;
				CLANG_WARN_ENUM_CONVERSION = YES;
				CLANG_WARN_INFINITE_RECURSION = YES;
				CLANG_WARN_INT_CONVERSION = YES;
				CLANG_WARN_NON_LITERAL_NULL_CONVERSION = YES;
				CLANG_WARN_OBJC_IMPLICIT_RETAIN_SELF = YES;
				CLANG_WARN_OBJC_LITERAL_CONVERSION = YES;
				CLANG_WARN_OBJC_ROOT_CLASS = YES_ERROR;
				CLANG_WARN_RANGE_LOOP_ANALYSIS = YES;
				CLANG_WARN_STRICT_PROTOTYPES = YES;
				CLANG_WARN_SUSPICIOUS_MOVE = YES;
				CLANG_WARN_UNGUARDED_AVAILABILITY = YES_AGGRESSIVE;
				CLANG_WARN_UNREACHABLE_CODE = YES;
				CLANG_WARN__DUPLICATE_METHOD_MATCH = YES;
				COPY_PHASE_STRIP = NO;
				DEBUG_INFORMATION_FORMAT = "dwarf-with-dsym";
				ENABLE_NS_ASSERTIONS = NO;
				ENABLE_STRICT_OBJC_MSGSEND = YES;
				GCC_C_LANGUAGE_STANDARD = gnu11;
				GCC_NO_COMMON_BLOCKS = YES;
				GCC_WARN_64_TO_32_BIT_CONVERSION = YES;
				GCC_WARN_ABOUT_RETURN_TYPE = YES_ERROR;
				GCC_WARN_UNDECLARED_SELECTOR = YES;
				GCC_WARN_UNINITIALIZED_AUTOS = YES_AGGRESSIVE;
				GCC_WARN_UNUSED_FUNCTION = YES;
				GCC_WARN_UNUSED_VARIABLE = YES;
				IPHONEOS_DEPLOYMENT_TARGET = 13.4;
				MTL_ENABLE_DEBUG_INFO = NO;
				MTL_FAST_MATH = YES;
				SDKROOT = iphoneos;
				SWIFT_COMPILATION_MODE = wholemodule;
				SWIFT_OPTIMIZATION_LEVEL = "-O";
				VALIDATE_PRODUCT = YES;
			};
			name = Release;
		};
		58E82F05243D4AAE00F0E14B /* Debug */ = {
			isa = XCBuildConfiguration;
			buildSettings = {
				ASSETCATALOG_COMPILER_APPICON_NAME = AppIcon;
				CODE_SIGN_STYLE = Automatic;
				DEVELOPMENT_TEAM = 3YV6C3YLPG;
				INFOPLIST_FILE = "KVO-Lab/Info.plist";
				LD_RUNPATH_SEARCH_PATHS = (
					"$(inherited)",
					"@executable_path/Frameworks",
				);
				PRODUCT_BUNDLE_IDENTIFIER = "org.ericdavenport.KVO-Lab";
				PRODUCT_NAME = "$(TARGET_NAME)";
				SWIFT_VERSION = 5.0;
				TARGETED_DEVICE_FAMILY = "1,2";
			};
			name = Debug;
		};
		58E82F06243D4AAE00F0E14B /* Release */ = {
			isa = XCBuildConfiguration;
			buildSettings = {
				ASSETCATALOG_COMPILER_APPICON_NAME = AppIcon;
				CODE_SIGN_STYLE = Automatic;
				DEVELOPMENT_TEAM = 3YV6C3YLPG;
				INFOPLIST_FILE = "KVO-Lab/Info.plist";
				LD_RUNPATH_SEARCH_PATHS = (
					"$(inherited)",
					"@executable_path/Frameworks",
				);
				PRODUCT_BUNDLE_IDENTIFIER = "org.ericdavenport.KVO-Lab";
				PRODUCT_NAME = "$(TARGET_NAME)";
				SWIFT_VERSION = 5.0;
				TARGETED_DEVICE_FAMILY = "1,2";
			};
			name = Release;
		};
/* End XCBuildConfiguration section */

/* Begin XCConfigurationList section */
		58E82EEB243D4AAD00F0E14B /* Build configuration list for PBXProject "KVO-Lab" */ = {
			isa = XCConfigurationList;
			buildConfigurations = (
				58E82F02243D4AAE00F0E14B /* Debug */,
				58E82F03243D4AAE00F0E14B /* Release */,
			);
			defaultConfigurationIsVisible = 0;
			defaultConfigurationName = Release;
		};
		58E82F04243D4AAE00F0E14B /* Build configuration list for PBXNativeTarget "KVO-Lab" */ = {
			isa = XCConfigurationList;
			buildConfigurations = (
				58E82F05243D4AAE00F0E14B /* Debug */,
				58E82F06243D4AAE00F0E14B /* Release */,
			);
			defaultConfigurationIsVisible = 0;
			defaultConfigurationName = Release;
		};
/* End XCConfigurationList section */
	};
	rootObject = 58E82EE8243D4AAD00F0E14B /* Project object */;
}
