// !$*UTF8*$!
{
	archiveVersion = 1;
	classes = {
	};
	objectVersion = 50;
	objects = {

/* Begin PBXBuildFile section */
		583806F5243CC1E700AC1520 /* AppDelegate.swift in Sources */ = {isa = PBXBuildFile; fileRef = 583806F4243CC1E700AC1520 /* AppDelegate.swift */; };
		583806F7243CC1E700AC1520 /* SceneDelegate.swift in Sources */ = {isa = PBXBuildFile; fileRef = 583806F6243CC1E700AC1520 /* SceneDelegate.swift */; };
		583806F9243CC1E700AC1520 /* WelcomeViewController.swift in Sources */ = {isa = PBXBuildFile; fileRef = 583806F8243CC1E700AC1520 /* WelcomeViewController.swift */; };
		583806FC243CC1E700AC1520 /* Main.storyboard in Resources */ = {isa = PBXBuildFile; fileRef = 583806FA243CC1E700AC1520 /* Main.storyboard */; };
		583806FE243CC1E800AC1520 /* Assets.xcassets in Resources */ = {isa = PBXBuildFile; fileRef = 583806FD243CC1E800AC1520 /* Assets.xcassets */; };
		58380701243CC1E800AC1520 /* LaunchScreen.storyboard in Resources */ = {isa = PBXBuildFile; fileRef = 583806FF243CC1E800AC1520 /* LaunchScreen.storyboard */; };
		5864AA73243CC71B0014A2F4 /* SettingsViewController.swift in Sources */ = {isa = PBXBuildFile; fileRef = 5864AA72243CC71B0014A2F4 /* SettingsViewController.swift */; };
		5864AA75243CC86A0014A2F4 /* Settings.swift in Sources */ = {isa = PBXBuildFile; fileRef = 5864AA74243CC86A0014A2F4 /* Settings.swift */; };
/* End PBXBuildFile section */

/* Begin PBXFileReference section */
		583806F1243CC1E700AC1520 /* KVO-Project.app */ = {isa = PBXFileReference; explicitFileType = wrapper.application; includeInIndex = 0; path = "KVO-Project.app"; sourceTree = BUILT_PRODUCTS_DIR; };
		583806F4243CC1E700AC1520 /* AppDelegate.swift */ = {isa = PBXFileReference; lastKnownFileType = sourcecode.swift; path = AppDelegate.swift; sourceTree = "<group>"; };
		583806F6243CC1E700AC1520 /* SceneDelegate.swift */ = {isa = PBXFileReference; lastKnownFileType = sourcecode.swift; path = SceneDelegate.swift; sourceTree = "<group>"; };
		583806F8243CC1E700AC1520 /* WelcomeViewController.swift */ = {isa = PBXFileReference; lastKnownFileType = sourcecode.swift; path = WelcomeViewController.swift; sourceTree = "<group>"; };
		583806FB243CC1E700AC1520 /* Base */ = {isa = PBXFileReference; lastKnownFileType = file.storyboard; name = Base; path = Base.lproj/Main.storyboard; sourceTree = "<group>"; };
		583806FD243CC1E800AC1520 /* Assets.xcassets */ = {isa = PBXFileReference; lastKnownFileType = folder.assetcatalog; path = Assets.xcassets; sourceTree = "<group>"; };
		58380700243CC1E800AC1520 /* Base */ = {isa = PBXFileReference; lastKnownFileType = file.storyboard; name = Base; path = Base.lproj/LaunchScreen.storyboard; sourceTree = "<group>"; };
		58380702243CC1E800AC1520 /* Info.plist */ = {isa = PBXFileReference; lastKnownFileType = text.plist.xml; path = Info.plist; sourceTree = "<group>"; };
		5864AA72243CC71B0014A2F4 /* SettingsViewController.swift */ = {isa = PBXFileReference; lastKnownFileType = sourcecode.swift; path = SettingsViewController.swift; sourceTree = "<group>"; };
		5864AA74243CC86A0014A2F4 /* Settings.swift */ = {isa = PBXFileReference; lastKnownFileType = sourcecode.swift; path = Settings.swift; sourceTree = "<group>"; };
/* End PBXFileReference section */

/* Begin PBXFrameworksBuildPhase section */
		583806EE243CC1E700AC1520 /* Frameworks */ = {
			isa = PBXFrameworksBuildPhase;
			buildActionMask = 2147483647;
			files = (
			);
			runOnlyForDeploymentPostprocessing = 0;
		};
/* End PBXFrameworksBuildPhase section */

/* Begin PBXGroup section */
		583806E8243CC1E700AC1520 = {
			isa = PBXGroup;
			children = (
				583806F3243CC1E700AC1520 /* KVO-Project */,
				583806F2243CC1E700AC1520 /* Products */,
			);
			sourceTree = "<group>";
		};
		583806F2243CC1E700AC1520 /* Products */ = {
			isa = PBXGroup;
			children = (
				583806F1243CC1E700AC1520 /* KVO-Project.app */,
			);
			name = Products;
			sourceTree = "<group>";
		};
		583806F3243CC1E700AC1520 /* KVO-Project */ = {
			isa = PBXGroup;
			children = (
				583806F4243CC1E700AC1520 /* AppDelegate.swift */,
				583806F6243CC1E700AC1520 /* SceneDelegate.swift */,
				5864AA74243CC86A0014A2F4 /* Settings.swift */,
				583806F8243CC1E700AC1520 /* WelcomeViewController.swift */,
				5864AA72243CC71B0014A2F4 /* SettingsViewController.swift */,
				583806FA243CC1E700AC1520 /* Main.storyboard */,
				583806FD243CC1E800AC1520 /* Assets.xcassets */,
				583806FF243CC1E800AC1520 /* LaunchScreen.storyboard */,
				58380702243CC1E800AC1520 /* Info.plist */,
			);
			path = "KVO-Project";
			sourceTree = "<group>";
		};
/* End PBXGroup section */

/* Begin PBXNativeTarget section */
		583806F0243CC1E700AC1520 /* KVO-Project */ = {
			isa = PBXNativeTarget;
			buildConfigurationList = 58380705243CC1E800AC1520 /* Build configuration list for PBXNativeTarget "KVO-Project" */;
			buildPhases = (
				583806ED243CC1E700AC1520 /* Sources */,
				583806EE243CC1E700AC1520 /* Frameworks */,
				583806EF243CC1E700AC1520 /* Resources */,
			);
			buildRules = (
			);
			dependencies = (
			);
			name = "KVO-Project";
			productName = "KVO-Project";
			productReference = 583806F1243CC1E700AC1520 /* KVO-Project.app */;
			productType = "com.apple.product-type.application";
		};
/* End PBXNativeTarget section */

/* Begin PBXProject section */
		583806E9243CC1E700AC1520 /* Project object */ = {
			isa = PBXProject;
			attributes = {
				LastSwiftUpdateCheck = 1140;
				LastUpgradeCheck = 1140;
				ORGANIZATIONNAME = "Eric Davenport";
				TargetAttributes = {
					583806F0243CC1E700AC1520 = {
						CreatedOnToolsVersion = 11.4;
					};
				};
			};
			buildConfigurationList = 583806EC243CC1E700AC1520 /* Build configuration list for PBXProject "KVO-Project" */;
			compatibilityVersion = "Xcode 9.3";
			developmentRegion = en;
			hasScannedForEncodings = 0;
			knownRegions = (
				en,
				Base,
			);
			mainGroup = 583806E8243CC1E700AC1520;
			productRefGroup = 583806F2243CC1E700AC1520 /* Products */;
			projectDirPath = "";
			projectRoot = "";
			targets = (
				583806F0243CC1E700AC1520 /* KVO-Project */,
			);
		};
/* End PBXProject section */

/* Begin PBXResourcesBuildPhase section */
		583806EF243CC1E700AC1520 /* Resources */ = {
			isa = PBXResourcesBuildPhase;
			buildActionMask = 2147483647;
			files = (
				58380701243CC1E800AC1520 /* LaunchScreen.storyboard in Resources */,
				583806FE243CC1E800AC1520 /* Assets.xcassets in Resources */,
				583806FC243CC1E700AC1520 /* Main.storyboard in Resources */,
			);
			runOnlyForDeploymentPostprocessing = 0;
		};
/* End PBXResourcesBuildPhase section */

/* Begin PBXSourcesBuildPhase section */
		583806ED243CC1E700AC1520 /* Sources */ = {
			isa = PBXSourcesBuildPhase;
			buildActionMask = 2147483647;
			files = (
				583806F9243CC1E700AC1520 /* WelcomeViewController.swift in Sources */,
				583806F5243CC1E700AC1520 /* AppDelegate.swift in Sources */,
				583806F7243CC1E700AC1520 /* SceneDelegate.swift in Sources */,
				5864AA73243CC71B0014A2F4 /* SettingsViewController.swift in Sources */,
				5864AA75243CC86A0014A2F4 /* Settings.swift in Sources */,
			);
			runOnlyForDeploymentPostprocessing = 0;
		};
/* End PBXSourcesBuildPhase section */

/* Begin PBXVariantGroup section */
		583806FA243CC1E700AC1520 /* Main.storyboard */ = {
			isa = PBXVariantGroup;
			children = (
				583806FB243CC1E700AC1520 /* Base */,
			);
			name = Main.storyboard;
			sourceTree = "<group>";
		};
		583806FF243CC1E800AC1520 /* LaunchScreen.storyboard */ = {
			isa = PBXVariantGroup;
			children = (
				58380700243CC1E800AC1520 /* Base */,
			);
			name = LaunchScreen.storyboard;
			sourceTree = "<group>";
		};
/* End PBXVariantGroup section */

/* Begin XCBuildConfiguration section */
		58380703243CC1E800AC1520 /* Debug */ = {
			isa = XCBuildConfiguration;
			buildSettings = {
				ALWAYS_SEARCH_USER_PATHS = NO;
				CLANG_ANALYZER_NONNULL = YES;
				CLANG_ANALYZER_NUMBER_OBJECT_CONVERSION = YES_AGGRESSIVE;
				CLANG_CXX_LANGUAGE_STANDARD = "gnu++14";
				CLANG_CXX_LIBRARY = "libc++";
				CLANG_ENABLE_MODULES = YES;
				CLANG_ENABLE_OBJC_ARC = YES;
				CLANG_ENABLE_OBJC_WEAK = YES;
				CLANG_WARN_BLOCK_CAPTURE_AUTORELEASING = YES;
				CLANG_WARN_BOOL_CONVERSION = YES;
				CLANG_WARN_COMMA = YES;
				CLANG_WARN_CONSTANT_CONVERSION = YES;
				CLANG_WARN_DEPRECATED_OBJC_IMPLEMENTATIONS = YES;
				CLANG_WARN_DIRECT_OBJC_ISA_USAGE = YES_ERROR;
				CLANG_WARN_DOCUMENTATION_COMMENTS = YES;
				CLANG_WARN_EMPTY_BODY = YES;
				CLANG_WARN_ENUM_CONVERSION = YES;
				CLANG_WARN_INFINITE_RECURSION = YES;
				CLANG_WARN_INT_CONVERSION = YES;
				CLANG_WARN_NON_LITERAL_NULL_CONVERSION = YES;
				CLANG_WARN_OBJC_IMPLICIT_RETAIN_SELF = YES;
				CLANG_WARN_OBJC_LITERAL_CONVERSION = YES;
				CLANG_WARN_OBJC_ROOT_CLASS = YES_ERROR;
				CLANG_WARN_RANGE_LOOP_ANALYSIS = YES;
				CLANG_WARN_STRICT_PROTOTYPES = YES;
				CLANG_WARN_SUSPICIOUS_MOVE = YES;
				CLANG_WARN_UNGUARDED_AVAILABILITY = YES_AGGRESSIVE;
				CLANG_WARN_UNREACHABLE_CODE = YES;
				CLANG_WARN__DUPLICATE_METHOD_MATCH = YES;
				COPY_PHASE_STRIP = NO;
				DEBUG_INFORMATION_FORMAT = dwarf;
				ENABLE_STRICT_OBJC_MSGSEND = YES;
				ENABLE_TESTABILITY = YES;
				GCC_C_LANGUAGE_STANDARD = gnu11;
				GCC_DYNAMIC_NO_PIC = NO;
				GCC_NO_COMMON_BLOCKS = YES;
				GCC_OPTIMIZATION_LEVEL = 0;
				GCC_PREPROCESSOR_DEFINITIONS = (
					"DEBUG=1",
					"$(inherited)",
				);
				GCC_WARN_64_TO_32_BIT_CONVERSION = YES;
				GCC_WARN_ABOUT_RETURN_TYPE = YES_ERROR;
				GCC_WARN_UNDECLARED_SELECTOR = YES;
				GCC_WARN_UNINITIALIZED_AUTOS = YES_AGGRESSIVE;
				GCC_WARN_UNUSED_FUNCTION = YES;
				GCC_WARN_UNUSED_VARIABLE = YES;
				IPHONEOS_DEPLOYMENT_TARGET = 13.4;
				MTL_ENABLE_DEBUG_INFO = INCLUDE_SOURCE;
				MTL_FAST_MATH = YES;
				ONLY_ACTIVE_ARCH = YES;
				SDKROOT = iphoneos;
				SWIFT_ACTIVE_COMPILATION_CONDITIONS = DEBUG;
				SWIFT_OPTIMIZATION_LEVEL = "-Onone";
			};
			name = Debug;
		};
		58380704243CC1E800AC1520 /* Release */ = {
			isa = XCBuildConfiguration;
			buildSettings = {
				ALWAYS_SEARCH_USER_PATHS = NO;
				CLANG_ANALYZER_NONNULL = YES;
				CLANG_ANALYZER_NUMBER_OBJECT_CONVERSION = YES_AGGRESSIVE;
				CLANG_CXX_LANGUAGE_STANDARD = "gnu++14";
				CLANG_CXX_LIBRARY = "libc++";
				CLANG_ENABLE_MODULES = YES;
				CLANG_ENABLE_OBJC_ARC = YES;
				CLANG_ENABLE_OBJC_WEAK = YES;
				CLANG_WARN_BLOCK_CAPTURE_AUTORELEASING = YES;
				CLANG_WARN_BOOL_CONVERSION = YES;
				CLANG_WARN_COMMA = YES;
				CLANG_WARN_CONSTANT_CONVERSION = YES;
				CLANG_WARN_DEPRECATED_OBJC_IMPLEMENTATIONS = YES;
				CLANG_WARN_DIRECT_OBJC_ISA_USAGE = YES_ERROR;
				CLANG_WARN_DOCUMENTATION_COMMENTS = YES;
				CLANG_WARN_EMPTY_BODY = YES;
				CLANG_WARN_ENUM_CONVERSION = YES;
				CLANG_WARN_INFINITE_RECURSION = YES;
				CLANG_WARN_INT_CONVERSION = YES;
				CLANG_WARN_NON_LITERAL_NULL_CONVERSION = YES;
				CLANG_WARN_OBJC_IMPLICIT_RETAIN_SELF = YES;
				CLANG_WARN_OBJC_LITERAL_CONVERSION = YES;
				CLANG_WARN_OBJC_ROOT_CLASS = YES_ERROR;
				CLANG_WARN_RANGE_LOOP_ANALYSIS = YES;
				CLANG_WARN_STRICT_PROTOTYPES = YES;
				CLANG_WARN_SUSPICIOUS_MOVE = YES;
				CLANG_WARN_UNGUARDED_AVAILABILITY = YES_AGGRESSIVE;
				CLANG_WARN_UNREACHABLE_CODE = YES;
				CLANG_WARN__DUPLICATE_METHOD_MATCH = YES;
				COPY_PHASE_STRIP = NO;
				DEBUG_INFORMATION_FORMAT = "dwarf-with-dsym";
				ENABLE_NS_ASSERTIONS = NO;
				ENABLE_STRICT_OBJC_MSGSEND = YES;
				GCC_C_LANGUAGE_STANDARD = gnu11;
				GCC_NO_COMMON_BLOCKS = YES;
				GCC_WARN_64_TO_32_BIT_CONVERSION = YES;
				GCC_WARN_ABOUT_RETURN_TYPE = YES_ERROR;
				GCC_WARN_UNDECLARED_SELECTOR = YES;
				GCC_WARN_UNINITIALIZED_AUTOS = YES_AGGRESSIVE;
				GCC_WARN_UNUSED_FUNCTION = YES;
				GCC_WARN_UNUSED_VARIABLE = YES;
				IPHONEOS_DEPLOYMENT_TARGET = 13.4;
				MTL_ENABLE_DEBUG_INFO = NO;
				MTL_FAST_MATH = YES;
				SDKROOT = iphoneos;
				SWIFT_COMPILATION_MODE = wholemodule;
				SWIFT_OPTIMIZATION_LEVEL = "-O";
				VALIDATE_PRODUCT = YES;
			};
			name = Release;
		};
		58380706243CC1E800AC1520 /* Debug */ = {
			isa = XCBuildConfiguration;
			buildSettings = {
				ASSETCATALOG_COMPILER_APPICON_NAME = AppIcon;
				CODE_SIGN_STYLE = Automatic;
				DEVELOPMENT_TEAM = 3YV6C3YLPG;
				INFOPLIST_FILE = "KVO-Project/Info.plist";
				LD_RUNPATH_SEARCH_PATHS = (
					"$(inherited)",
					"@executable_path/Frameworks",
				);
				PRODUCT_BUNDLE_IDENTIFIER = "org.ericdavenport.KVO-Project";
				PRODUCT_NAME = "$(TARGET_NAME)";
				SWIFT_VERSION = 5.0;
				TARGETED_DEVICE_FAMILY = "1,2";
			};
			name = Debug;
		};
		58380707243CC1E800AC1520 /* Release */ = {
			isa = XCBuildConfiguration;
			buildSettings = {
				ASSETCATALOG_COMPILER_APPICON_NAME = AppIcon;
				CODE_SIGN_STYLE = Automatic;
				DEVELOPMENT_TEAM = 3YV6C3YLPG;
				INFOPLIST_FILE = "KVO-Project/Info.plist";
				LD_RUNPATH_SEARCH_PATHS = (
					"$(inherited)",
					"@executable_path/Frameworks",
				);
				PRODUCT_BUNDLE_IDENTIFIER = "org.ericdavenport.KVO-Project";
				PRODUCT_NAME = "$(TARGET_NAME)";
				SWIFT_VERSION = 5.0;
				TARGETED_DEVICE_FAMILY = "1,2";
			};
			name = Release;
		};
/* End XCBuildConfiguration section */

/* Begin XCConfigurationList section */
		583806EC243CC1E700AC1520 /* Build configuration list for PBXProject "KVO-Project" */ = {
			isa = XCConfigurationList;
			buildConfigurations = (
				58380703243CC1E800AC1520 /* Debug */,
				58380704243CC1E800AC1520 /* Release */,
			);
			defaultConfigurationIsVisible = 0;
			defaultConfigurationName = Release;
		};
		58380705243CC1E800AC1520 /* Build configuration list for PBXNativeTarget "KVO-Project" */ = {
			isa = XCConfigurationList;
			buildConfigurations = (
				58380706243CC1E800AC1520 /* Debug */,
				58380707243CC1E800AC1520 /* Release */,
			);
			defaultConfigurationIsVisible = 0;
			defaultConfigurationName = Release;
		};
/* End XCConfigurationList section */
	};
	rootObject = 583806E9243CC1E700AC1520 /* Project object */;
}
